{
    "hash": "b718c8a05df94b2a89d62e657e085534",
    "content-hash": "cba5ffb49565aeea14ce531fcc27ec99",
    "packages": [],
    "packages-dev": [],
    "aliases": [],
    "minimum-stability": "dev",
    "stability-flags": [],
    "prefer-stable": false,
    "prefer-lowest": false,
    "platform": {
        "php": ">=5.4"
    },
    "platform-dev": []
}
